// !$*UTF8*$!
{
	archiveVersion = 1;
	classes = {
	};
	objectVersion = 46;
	objects = {

/* Begin PBXBuildFile section */
		366DE0D81B85ADCE00B89D7C /* main.m in Sources */ = {isa = PBXBuildFile; fileRef = 366DE0D71B85ADCE00B89D7C /* main.m */; };
		366DE0DB1B85ADCE00B89D7C /* AppDelegate.m in Sources */ = {isa = PBXBuildFile; fileRef = 366DE0DA1B85ADCE00B89D7C /* AppDelegate.m */; };
		366DE0DE1B85ADCE00B89D7C /* OutThereTesting.xcdatamodeld in Sources */ = {isa = PBXBuildFile; fileRef = 366DE0DC1B85ADCE00B89D7C /* OutThereTesting.xcdatamodeld */; };
		366DE0E11B85ADCE00B89D7C /* ViewController.m in Sources */ = {isa = PBXBuildFile; fileRef = 366DE0E01B85ADCE00B89D7C /* ViewController.m */; };
		366DE0E41B85ADCE00B89D7C /* Main.storyboard in Resources */ = {isa = PBXBuildFile; fileRef = 366DE0E21B85ADCE00B89D7C /* Main.storyboard */; };
		366DE0E61B85ADCE00B89D7C /* Images.xcassets in Resources */ = {isa = PBXBuildFile; fileRef = 366DE0E51B85ADCE00B89D7C /* Images.xcassets */; };
		366DE0E91B85ADCE00B89D7C /* LaunchScreen.xib in Resources */ = {isa = PBXBuildFile; fileRef = 366DE0E71B85ADCE00B89D7C /* LaunchScreen.xib */; };
		366DE0F51B85ADCE00B89D7C /* OutThereTestingTests.m in Sources */ = {isa = PBXBuildFile; fileRef = 366DE0F41B85ADCE00B89D7C /* OutThereTestingTests.m */; };
		366DE0FF1B85AE6000B89D7C /* MapKit.framework in Frameworks */ = {isa = PBXBuildFile; fileRef = 366DE0FE1B85AE6000B89D7C /* MapKit.framework */; };
		36AB39AB1B87ECC500852C9B /* IGRequest.m in Sources */ = {isa = PBXBuildFile; fileRef = 36AB39A81B87ECC500852C9B /* IGRequest.m */; };
		36AB39AC1B87ECC500852C9B /* Instagram.m in Sources */ = {isa = PBXBuildFile; fileRef = 36AB39AA1B87ECC500852C9B /* Instagram.m */; };
		36AB39AF1B87EDDC00852C9B /* InstagramManager.m in Sources */ = {isa = PBXBuildFile; fileRef = 36AB39AE1B87EDDC00852C9B /* InstagramManager.m */; };
		36E9BB101B891772006C008D /* IGMedia.m in Sources */ = {isa = PBXBuildFile; fileRef = 36E9BB0F1B891772006C008D /* IGMedia.m */; };
		36E9BB131B8918D8006C008D /* IGMediaResolution.m in Sources */ = {isa = PBXBuildFile; fileRef = 36E9BB121B8918D8006C008D /* IGMediaResolution.m */; };
		36E9BB161B892E93006C008D /* SearchResultsListViewController.m in Sources */ = {isa = PBXBuildFile; fileRef = 36E9BB151B892E93006C008D /* SearchResultsListViewController.m */; };
		36E9BB221B8935C0006C008D /* FTWCache.m in Sources */ = {isa = PBXBuildFile; fileRef = 36E9BB1F1B8935C0006C008D /* FTWCache.m */; };
		36E9BB231B8935C0006C008D /* RSAsyncImageView.m in Sources */ = {isa = PBXBuildFile; fileRef = 36E9BB211B8935C0006C008D /* RSAsyncImageView.m */; };
		36E9BB261B893A48006C008D /* Localizable.strings in Resources */ = {isa = PBXBuildFile; fileRef = 36E9BB281B893A48006C008D /* Localizable.strings */; };
		A4F4058751C2347F99F8F269 /* libPods-OutThereTesting.a in Frameworks */ = {isa = PBXBuildFile; fileRef = 9546198A3C012940EB07BAB2 /* libPods-OutThereTesting.a */; };
/* End PBXBuildFile section */

/* Begin PBXContainerItemProxy section */
		366DE0EF1B85ADCE00B89D7C /* PBXContainerItemProxy */ = {
			isa = PBXContainerItemProxy;
			containerPortal = 366DE0CA1B85ADCE00B89D7C /* Project object */;
			proxyType = 1;
			remoteGlobalIDString = 366DE0D11B85ADCE00B89D7C;
			remoteInfo = OutThereTesting;
		};
/* End PBXContainerItemProxy section */

/* Begin PBXFileReference section */
		23428D305B6AA57D8F17B8C9 /* Pods-OutThereTesting.release.xcconfig */ = {isa = PBXFileReference; includeInIndex = 1; lastKnownFileType = text.xcconfig; name = "Pods-OutThereTesting.release.xcconfig"; path = "Pods/Target Support Files/Pods-OutThereTesting/Pods-OutThereTesting.release.xcconfig"; sourceTree = "<group>"; };
		366DE0D21B85ADCE00B89D7C /* iOut-There.app */ = {isa = PBXFileReference; explicitFileType = wrapper.application; includeInIndex = 0; path = "iOut-There.app"; sourceTree = BUILT_PRODUCTS_DIR; };
		366DE0D61B85ADCE00B89D7C /* Info.plist */ = {isa = PBXFileReference; lastKnownFileType = text.plist.xml; path = Info.plist; sourceTree = "<group>"; };
		366DE0D71B85ADCE00B89D7C /* main.m */ = {isa = PBXFileReference; lastKnownFileType = sourcecode.c.objc; path = main.m; sourceTree = "<group>"; };
		366DE0D91B85ADCE00B89D7C /* AppDelegate.h */ = {isa = PBXFileReference; lastKnownFileType = sourcecode.c.h; path = AppDelegate.h; sourceTree = "<group>"; };
		366DE0DA1B85ADCE00B89D7C /* AppDelegate.m */ = {isa = PBXFileReference; lastKnownFileType = sourcecode.c.objc; path = AppDelegate.m; sourceTree = "<group>"; };
		366DE0DD1B85ADCE00B89D7C /* OutThereTesting.xcdatamodel */ = {isa = PBXFileReference; lastKnownFileType = wrapper.xcdatamodel; path = OutThereTesting.xcdatamodel; sourceTree = "<group>"; };
		366DE0DF1B85ADCE00B89D7C /* ViewController.h */ = {isa = PBXFileReference; lastKnownFileType = sourcecode.c.h; path = ViewController.h; sourceTree = "<group>"; };
		366DE0E01B85ADCE00B89D7C /* ViewController.m */ = {isa = PBXFileReference; lastKnownFileType = sourcecode.c.objc; path = ViewController.m; sourceTree = "<group>"; };
		366DE0E31B85ADCE00B89D7C /* Base */ = {isa = PBXFileReference; lastKnownFileType = file.storyboard; name = Base; path = Base.lproj/Main.storyboard; sourceTree = "<group>"; };
		366DE0E51B85ADCE00B89D7C /* Images.xcassets */ = {isa = PBXFileReference; lastKnownFileType = folder.assetcatalog; path = Images.xcassets; sourceTree = "<group>"; };
		366DE0E81B85ADCE00B89D7C /* Base */ = {isa = PBXFileReference; lastKnownFileType = file.xib; name = Base; path = Base.lproj/LaunchScreen.xib; sourceTree = "<group>"; };
		366DE0EE1B85ADCE00B89D7C /* iOut-ThereTests.xctest */ = {isa = PBXFileReference; explicitFileType = wrapper.cfbundle; includeInIndex = 0; path = "iOut-ThereTests.xctest"; sourceTree = BUILT_PRODUCTS_DIR; };
		366DE0F31B85ADCE00B89D7C /* Info.plist */ = {isa = PBXFileReference; lastKnownFileType = text.plist.xml; path = Info.plist; sourceTree = "<group>"; };
		366DE0F41B85ADCE00B89D7C /* OutThereTestingTests.m */ = {isa = PBXFileReference; lastKnownFileType = sourcecode.c.objc; path = OutThereTestingTests.m; sourceTree = "<group>"; };
		366DE0FE1B85AE6000B89D7C /* MapKit.framework */ = {isa = PBXFileReference; lastKnownFileType = wrapper.framework; name = MapKit.framework; path = System/Library/Frameworks/MapKit.framework; sourceTree = SDKROOT; };
		36AB39A61B87ECC500852C9B /* IGConnect.h */ = {isa = PBXFileReference; fileEncoding = 4; lastKnownFileType = sourcecode.c.h; path = IGConnect.h; sourceTree = "<group>"; };
		36AB39A71B87ECC500852C9B /* IGRequest.h */ = {isa = PBXFileReference; fileEncoding = 4; lastKnownFileType = sourcecode.c.h; path = IGRequest.h; sourceTree = "<group>"; };
		36AB39A81B87ECC500852C9B /* IGRequest.m */ = {isa = PBXFileReference; fileEncoding = 4; lastKnownFileType = sourcecode.c.objc; path = IGRequest.m; sourceTree = "<group>"; };
		36AB39A91B87ECC500852C9B /* Instagram.h */ = {isa = PBXFileReference; fileEncoding = 4; lastKnownFileType = sourcecode.c.h; path = Instagram.h; sourceTree = "<group>"; };
		36AB39AA1B87ECC500852C9B /* Instagram.m */ = {isa = PBXFileReference; fileEncoding = 4; lastKnownFileType = sourcecode.c.objc; path = Instagram.m; sourceTree = "<group>"; };
		36AB39AD1B87EDDC00852C9B /* InstagramManager.h */ = {isa = PBXFileReference; fileEncoding = 4; lastKnownFileType = sourcecode.c.h; path = InstagramManager.h; sourceTree = "<group>"; };
		36AB39AE1B87EDDC00852C9B /* InstagramManager.m */ = {isa = PBXFileReference; fileEncoding = 4; lastKnownFileType = sourcecode.c.objc; path = InstagramManager.m; sourceTree = "<group>"; };
		36E9BB0E1B891772006C008D /* IGMedia.h */ = {isa = PBXFileReference; fileEncoding = 4; lastKnownFileType = sourcecode.c.h; path = IGMedia.h; sourceTree = "<group>"; };
		36E9BB0F1B891772006C008D /* IGMedia.m */ = {isa = PBXFileReference; fileEncoding = 4; lastKnownFileType = sourcecode.c.objc; path = IGMedia.m; sourceTree = "<group>"; };
		36E9BB111B8918D8006C008D /* IGMediaResolution.h */ = {isa = PBXFileReference; fileEncoding = 4; lastKnownFileType = sourcecode.c.h; path = IGMediaResolution.h; sourceTree = "<group>"; };
		36E9BB121B8918D8006C008D /* IGMediaResolution.m */ = {isa = PBXFileReference; fileEncoding = 4; lastKnownFileType = sourcecode.c.objc; path = IGMediaResolution.m; sourceTree = "<group>"; };
		36E9BB141B892E93006C008D /* SearchResultsListViewController.h */ = {isa = PBXFileReference; fileEncoding = 4; lastKnownFileType = sourcecode.c.h; path = SearchResultsListViewController.h; sourceTree = "<group>"; };
		36E9BB151B892E93006C008D /* SearchResultsListViewController.m */ = {isa = PBXFileReference; fileEncoding = 4; lastKnownFileType = sourcecode.c.objc; path = SearchResultsListViewController.m; sourceTree = "<group>"; };
		36E9BB1E1B8935C0006C008D /* FTWCache.h */ = {isa = PBXFileReference; fileEncoding = 4; lastKnownFileType = sourcecode.c.h; path = FTWCache.h; sourceTree = "<group>"; };
		36E9BB1F1B8935C0006C008D /* FTWCache.m */ = {isa = PBXFileReference; fileEncoding = 4; lastKnownFileType = sourcecode.c.objc; path = FTWCache.m; sourceTree = "<group>"; };
		36E9BB201B8935C0006C008D /* RSAsyncImageView.h */ = {isa = PBXFileReference; fileEncoding = 4; lastKnownFileType = sourcecode.c.h; path = RSAsyncImageView.h; sourceTree = "<group>"; };
		36E9BB211B8935C0006C008D /* RSAsyncImageView.m */ = {isa = PBXFileReference; fileEncoding = 4; lastKnownFileType = sourcecode.c.objc; path = RSAsyncImageView.m; sourceTree = "<group>"; };
		36E9BB271B893A48006C008D /* Base */ = {isa = PBXFileReference; lastKnownFileType = text.plist.strings; name = Base; path = Base.lproj/Localizable.strings; sourceTree = "<group>"; };
		36E9BB291B893A4F006C008D /* en */ = {isa = PBXFileReference; lastKnownFileType = text.plist.strings; name = en; path = en.lproj/Localizable.strings; sourceTree = "<group>"; };
		36E9BB2C1B893BEC006C008D /* en */ = {isa = PBXFileReference; lastKnownFileType = text.plist.strings; name = en; path = en.lproj/LaunchScreen.strings; sourceTree = "<group>"; };
		36E9BB321B893BF3006C008D /* en */ = {isa = PBXFileReference; lastKnownFileType = text.plist.strings; name = en; path = en.lproj/Main.strings; sourceTree = "<group>"; };
		90CC402152D6703074F1C765 /* Pods-OutThereTesting.debug.xcconfig */ = {isa = PBXFileReference; includeInIndex = 1; lastKnownFileType = text.xcconfig; name = "Pods-OutThereTesting.debug.xcconfig"; path = "Pods/Target Support Files/Pods-OutThereTesting/Pods-OutThereTesting.debug.xcconfig"; sourceTree = "<group>"; };
		9546198A3C012940EB07BAB2 /* libPods-OutThereTesting.a */ = {isa = PBXFileReference; explicitFileType = archive.ar; includeInIndex = 0; path = "libPods-OutThereTesting.a"; sourceTree = BUILT_PRODUCTS_DIR; };
/* End PBXFileReference section */

/* Begin PBXFrameworksBuildPhase section */
		366DE0CF1B85ADCE00B89D7C /* Frameworks */ = {
			isa = PBXFrameworksBuildPhase;
			buildActionMask = 2147483647;
			files = (
				366DE0FF1B85AE6000B89D7C /* MapKit.framework in Frameworks */,
				A4F4058751C2347F99F8F269 /* libPods-OutThereTesting.a in Frameworks */,
			);
			runOnlyForDeploymentPostprocessing = 0;
		};
		366DE0EB1B85ADCE00B89D7C /* Frameworks */ = {
			isa = PBXFrameworksBuildPhase;
			buildActionMask = 2147483647;
			files = (
			);
			runOnlyForDeploymentPostprocessing = 0;
		};
/* End PBXFrameworksBuildPhase section */

/* Begin PBXGroup section */
		366DE0C91B85ADCE00B89D7C = {
			isa = PBXGroup;
			children = (
				366DE0FE1B85AE6000B89D7C /* MapKit.framework */,
				366DE0D41B85ADCE00B89D7C /* OutThereTesting */,
				366DE0F11B85ADCE00B89D7C /* OutThereTestingTests */,
				366DE0D31B85ADCE00B89D7C /* Products */,
				993FCF5CEFA730437C0F6FF4 /* Pods */,
				38678FFE4305879D702DD7C4 /* Frameworks */,
			);
			sourceTree = "<group>";
		};
		366DE0D31B85ADCE00B89D7C /* Products */ = {
			isa = PBXGroup;
			children = (
				366DE0D21B85ADCE00B89D7C /* iOut-There.app */,
				366DE0EE1B85ADCE00B89D7C /* iOut-ThereTests.xctest */,
			);
			name = Products;
			sourceTree = "<group>";
		};
		366DE0D41B85ADCE00B89D7C /* OutThereTesting */ = {
			isa = PBXGroup;
			children = (
				36E9BB1D1B8935C0006C008D /* Utilities */,
				36E9BB0D1B891732006C008D /* DataModels */,
				366DE0D91B85ADCE00B89D7C /* AppDelegate.h */,
				366DE0DA1B85ADCE00B89D7C /* AppDelegate.m */,
				366DE0DF1B85ADCE00B89D7C /* ViewController.h */,
				366DE0E01B85ADCE00B89D7C /* ViewController.m */,
				36AB39AD1B87EDDC00852C9B /* InstagramManager.h */,
				36AB39AE1B87EDDC00852C9B /* InstagramManager.m */,
				36E9BB141B892E93006C008D /* SearchResultsListViewController.h */,
				36E9BB151B892E93006C008D /* SearchResultsListViewController.m */,
				366DE0E21B85ADCE00B89D7C /* Main.storyboard */,
				366DE0E51B85ADCE00B89D7C /* Images.xcassets */,
				366DE0E71B85ADCE00B89D7C /* LaunchScreen.xib */,
				366DE0DC1B85ADCE00B89D7C /* OutThereTesting.xcdatamodeld */,
				36AB39B01B87EE0300852C9B /* IgKit */,
				366DE0D51B85ADCE00B89D7C /* Supporting Files */,
			);
			path = OutThereTesting;
			sourceTree = "<group>";
		};
		366DE0D51B85ADCE00B89D7C /* Supporting Files */ = {
			isa = PBXGroup;
			children = (
				366DE0D61B85ADCE00B89D7C /* Info.plist */,
				366DE0D71B85ADCE00B89D7C /* main.m */,
				36E9BB281B893A48006C008D /* Localizable.strings */,
			);
			name = "Supporting Files";
			sourceTree = "<group>";
		};
		366DE0F11B85ADCE00B89D7C /* OutThereTestingTests */ = {
			isa = PBXGroup;
			children = (
				366DE0F41B85ADCE00B89D7C /* OutThereTestingTests.m */,
				366DE0F21B85ADCE00B89D7C /* Supporting Files */,
			);
			path = OutThereTestingTests;
			sourceTree = "<group>";
		};
		366DE0F21B85ADCE00B89D7C /* Supporting Files */ = {
			isa = PBXGroup;
			children = (
				366DE0F31B85ADCE00B89D7C /* Info.plist */,
			);
			name = "Supporting Files";
			sourceTree = "<group>";
		};
		36AB39B01B87EE0300852C9B /* IgKit */ = {
			isa = PBXGroup;
			children = (
				36AB39A61B87ECC500852C9B /* IGConnect.h */,
				36AB39A71B87ECC500852C9B /* IGRequest.h */,
				36AB39A81B87ECC500852C9B /* IGRequest.m */,
				36AB39A91B87ECC500852C9B /* Instagram.h */,
				36AB39AA1B87ECC500852C9B /* Instagram.m */,
			);
			name = IgKit;
			sourceTree = "<group>";
		};
		36E9BB0D1B891732006C008D /* DataModels */ = {
			isa = PBXGroup;
			children = (
				36E9BB0E1B891772006C008D /* IGMedia.h */,
				36E9BB0F1B891772006C008D /* IGMedia.m */,
				36E9BB111B8918D8006C008D /* IGMediaResolution.h */,
				36E9BB121B8918D8006C008D /* IGMediaResolution.m */,
			);
			path = DataModels;
			sourceTree = "<group>";
		};
		36E9BB1D1B8935C0006C008D /* Utilities */ = {
			isa = PBXGroup;
			children = (
				36E9BB1E1B8935C0006C008D /* FTWCache.h */,
				36E9BB1F1B8935C0006C008D /* FTWCache.m */,
				36E9BB201B8935C0006C008D /* RSAsyncImageView.h */,
				36E9BB211B8935C0006C008D /* RSAsyncImageView.m */,
			);
			path = Utilities;
			sourceTree = "<group>";
		};
		38678FFE4305879D702DD7C4 /* Frameworks */ = {
			isa = PBXGroup;
			children = (
				9546198A3C012940EB07BAB2 /* libPods-OutThereTesting.a */,
			);
			name = Frameworks;
			sourceTree = "<group>";
		};
		993FCF5CEFA730437C0F6FF4 /* Pods */ = {
			isa = PBXGroup;
			children = (
				90CC402152D6703074F1C765 /* Pods-OutThereTesting.debug.xcconfig */,
				23428D305B6AA57D8F17B8C9 /* Pods-OutThereTesting.release.xcconfig */,
			);
			name = Pods;
			sourceTree = "<group>";
		};
/* End PBXGroup section */

/* Begin PBXNativeTarget section */
		366DE0D11B85ADCE00B89D7C /* iOut-There */ = {
			isa = PBXNativeTarget;
			buildConfigurationList = 366DE0F81B85ADCE00B89D7C /* Build configuration list for PBXNativeTarget "iOut-There" */;
			buildPhases = (
				C8FB4B6C1F24B0C152876160 /* Check Pods Manifest.lock */,
				366DE0CE1B85ADCE00B89D7C /* Sources */,
				366DE0CF1B85ADCE00B89D7C /* Frameworks */,
				366DE0D01B85ADCE00B89D7C /* Resources */,
				72ADB51CAFF63FDF2AF93C6E /* Copy Pods Resources */,
			);
			buildRules = (
			);
			dependencies = (
			);
			name = "iOut-There";
			productName = OutThereTesting;
			productReference = 366DE0D21B85ADCE00B89D7C /* iOut-There.app */;
			productType = "com.apple.product-type.application";
		};
		366DE0ED1B85ADCE00B89D7C /* iOut-ThereTests */ = {
			isa = PBXNativeTarget;
			buildConfigurationList = 366DE0FB1B85ADCE00B89D7C /* Build configuration list for PBXNativeTarget "iOut-ThereTests" */;
			buildPhases = (
				366DE0EA1B85ADCE00B89D7C /* Sources */,
				366DE0EB1B85ADCE00B89D7C /* Frameworks */,
				366DE0EC1B85ADCE00B89D7C /* Resources */,
			);
			buildRules = (
			);
			dependencies = (
				366DE0F01B85ADCE00B89D7C /* PBXTargetDependency */,
			);
			name = "iOut-ThereTests";
			productName = OutThereTestingTests;
			productReference = 366DE0EE1B85ADCE00B89D7C /* iOut-ThereTests.xctest */;
			productType = "com.apple.product-type.bundle.unit-test";
		};
/* End PBXNativeTarget section */

/* Begin PBXProject section */
		366DE0CA1B85ADCE00B89D7C /* Project object */ = {
			isa = PBXProject;
			attributes = {
				LastUpgradeCheck = 0640;
				ORGANIZATIONNAME = "DEV MODE";
				TargetAttributes = {
					366DE0D11B85ADCE00B89D7C = {
						CreatedOnToolsVersion = 6.4;
						DevelopmentTeam = 4QE8BY9B54;
					};
					366DE0ED1B85ADCE00B89D7C = {
						CreatedOnToolsVersion = 6.4;
						TestTargetID = 366DE0D11B85ADCE00B89D7C;
					};
				};
			};
			buildConfigurationList = 366DE0CD1B85ADCE00B89D7C /* Build configuration list for PBXProject "iOut-There" */;
			compatibilityVersion = "Xcode 3.2";
			developmentRegion = English;
			hasScannedForEncodings = 0;
			knownRegions = (
				en,
				Base,
			);
			mainGroup = 366DE0C91B85ADCE00B89D7C;
			productRefGroup = 366DE0D31B85ADCE00B89D7C /* Products */;
			projectDirPath = "";
			projectRoot = "";
			targets = (
				366DE0D11B85ADCE00B89D7C /* iOut-There */,
				366DE0ED1B85ADCE00B89D7C /* iOut-ThereTests */,
			);
		};
/* End PBXProject section */

/* Begin PBXResourcesBuildPhase section */
		366DE0D01B85ADCE00B89D7C /* Resources */ = {
			isa = PBXResourcesBuildPhase;
			buildActionMask = 2147483647;
			files = (
				366DE0E41B85ADCE00B89D7C /* Main.storyboard in Resources */,
				36E9BB261B893A48006C008D /* Localizable.strings in Resources */,
				366DE0E91B85ADCE00B89D7C /* LaunchScreen.xib in Resources */,
				366DE0E61B85ADCE00B89D7C /* Images.xcassets in Resources */,
			);
			runOnlyForDeploymentPostprocessing = 0;
		};
		366DE0EC1B85ADCE00B89D7C /* Resources */ = {
			isa = PBXResourcesBuildPhase;
			buildActionMask = 2147483647;
			files = (
			);
			runOnlyForDeploymentPostprocessing = 0;
		};
/* End PBXResourcesBuildPhase section */

/* Begin PBXShellScriptBuildPhase section */
		72ADB51CAFF63FDF2AF93C6E /* Copy Pods Resources */ = {
			isa = PBXShellScriptBuildPhase;
			buildActionMask = 2147483647;
			files = (
			);
			inputPaths = (
			);
			name = "Copy Pods Resources";
			outputPaths = (
			);
			runOnlyForDeploymentPostprocessing = 0;
			shellPath = /bin/sh;
			shellScript = "\"${SRCROOT}/Pods/Target Support Files/Pods-OutThereTesting/Pods-OutThereTesting-resources.sh\"\n";
			showEnvVarsInLog = 0;
		};
		C8FB4B6C1F24B0C152876160 /* Check Pods Manifest.lock */ = {
			isa = PBXShellScriptBuildPhase;
			buildActionMask = 2147483647;
			files = (
			);
			inputPaths = (
			);
			name = "Check Pods Manifest.lock";
			outputPaths = (
			);
			runOnlyForDeploymentPostprocessing = 0;
			shellPath = /bin/sh;
			shellScript = "diff \"${PODS_ROOT}/../Podfile.lock\" \"${PODS_ROOT}/Manifest.lock\" > /dev/null\nif [[ $? != 0 ]] ; then\n    cat << EOM\nerror: The sandbox is not in sync with the Podfile.lock. Run 'pod install' or update your CocoaPods installation.\nEOM\n    exit 1\nfi\n";
			showEnvVarsInLog = 0;
		};
/* End PBXShellScriptBuildPhase section */

/* Begin PBXSourcesBuildPhase section */
		366DE0CE1B85ADCE00B89D7C /* Sources */ = {
			isa = PBXSourcesBuildPhase;
			buildActionMask = 2147483647;
			files = (
				366DE0DB1B85ADCE00B89D7C /* AppDelegate.m in Sources */,
				36AB39AB1B87ECC500852C9B /* IGRequest.m in Sources */,
				366DE0DE1B85ADCE00B89D7C /* OutThereTesting.xcdatamodeld in Sources */,
				36AB39AF1B87EDDC00852C9B /* InstagramManager.m in Sources */,
				36E9BB101B891772006C008D /* IGMedia.m in Sources */,
				366DE0E11B85ADCE00B89D7C /* ViewController.m in Sources */,
				36E9BB231B8935C0006C008D /* RSAsyncImageView.m in Sources */,
				36AB39AC1B87ECC500852C9B /* Instagram.m in Sources */,
				36E9BB161B892E93006C008D /* SearchResultsListViewController.m in Sources */,
				36E9BB221B8935C0006C008D /* FTWCache.m in Sources */,
				366DE0D81B85ADCE00B89D7C /* main.m in Sources */,
				36E9BB131B8918D8006C008D /* IGMediaResolution.m in Sources */,
			);
			runOnlyForDeploymentPostprocessing = 0;
		};
		366DE0EA1B85ADCE00B89D7C /* Sources */ = {
			isa = PBXSourcesBuildPhase;
			buildActionMask = 2147483647;
			files = (
				366DE0F51B85ADCE00B89D7C /* OutThereTestingTests.m in Sources */,
			);
			runOnlyForDeploymentPostprocessing = 0;
		};
/* End PBXSourcesBuildPhase section */

/* Begin PBXTargetDependency section */
		366DE0F01B85ADCE00B89D7C /* PBXTargetDependency */ = {
			isa = PBXTargetDependency;
			target = 366DE0D11B85ADCE00B89D7C /* iOut-There */;
			targetProxy = 366DE0EF1B85ADCE00B89D7C /* PBXContainerItemProxy */;
		};
/* End PBXTargetDependency section */

/* Begin PBXVariantGroup section */
		366DE0E21B85ADCE00B89D7C /* Main.storyboard */ = {
			isa = PBXVariantGroup;
			children = (
				366DE0E31B85ADCE00B89D7C /* Base */,
				36E9BB321B893BF3006C008D /* en */,
			);
			name = Main.storyboard;
			sourceTree = "<group>";
		};
		366DE0E71B85ADCE00B89D7C /* LaunchScreen.xib */ = {
			isa = PBXVariantGroup;
			children = (
				366DE0E81B85ADCE00B89D7C /* Base */,
				36E9BB2C1B893BEC006C008D /* en */,
			);
			name = LaunchScreen.xib;
			sourceTree = "<group>";
		};
		36E9BB281B893A48006C008D /* Localizable.strings */ = {
			isa = PBXVariantGroup;
			children = (
				36E9BB271B893A48006C008D /* Base */,
				36E9BB291B893A4F006C008D /* en */,
			);
			name = Localizable.strings;
			sourceTree = "<group>";
		};
/* End PBXVariantGroup section */

/* Begin XCBuildConfiguration section */
		366DE0F61B85ADCE00B89D7C /* Debug */ = {
			isa = XCBuildConfiguration;
			buildSettings = {
				ALWAYS_SEARCH_USER_PATHS = NO;
				CLANG_CXX_LANGUAGE_STANDARD = "gnu++0x";
				CLANG_CXX_LIBRARY = "libc++";
				CLANG_ENABLE_MODULES = YES;
				CLANG_ENABLE_OBJC_ARC = YES;
				CLANG_WARN_BOOL_CONVERSION = YES;
				CLANG_WARN_CONSTANT_CONVERSION = YES;
				CLANG_WARN_DIRECT_OBJC_ISA_USAGE = YES_ERROR;
				CLANG_WARN_EMPTY_BODY = YES;
				CLANG_WARN_ENUM_CONVERSION = YES;
				CLANG_WARN_INT_CONVERSION = YES;
				CLANG_WARN_OBJC_ROOT_CLASS = YES_ERROR;
				CLANG_WARN_UNREACHABLE_CODE = YES;
				CLANG_WARN__DUPLICATE_METHOD_MATCH = YES;
				"CODE_SIGN_IDENTITY[sdk=iphoneos*]" = "iPhone Developer";
				COPY_PHASE_STRIP = NO;
				DEBUG_INFORMATION_FORMAT = "dwarf-with-dsym";
				ENABLE_STRICT_OBJC_MSGSEND = YES;
				GCC_C_LANGUAGE_STANDARD = gnu99;
				GCC_DYNAMIC_NO_PIC = NO;
				GCC_NO_COMMON_BLOCKS = YES;
				GCC_OPTIMIZATION_LEVEL = 0;
				GCC_PREPROCESSOR_DEFINITIONS = (
					"DEBUG=1",
					"$(inherited)",
				);
				GCC_SYMBOLS_PRIVATE_EXTERN = NO;
				GCC_WARN_64_TO_32_BIT_CONVERSION = YES;
				GCC_WARN_ABOUT_RETURN_TYPE = YES_ERROR;
				GCC_WARN_UNDECLARED_SELECTOR = YES;
				GCC_WARN_UNINITIALIZED_AUTOS = YES_AGGRESSIVE;
				GCC_WARN_UNUSED_FUNCTION = YES;
				GCC_WARN_UNUSED_VARIABLE = YES;
				IPHONEOS_DEPLOYMENT_TARGET = 8.4;
				MTL_ENABLE_DEBUG_INFO = YES;
				ONLY_ACTIVE_ARCH = YES;
				SDKROOT = iphoneos;
			};
			name = Debug;
		};
		366DE0F71B85ADCE00B89D7C /* Release */ = {
			isa = XCBuildConfiguration;
			buildSettings = {
				ALWAYS_SEARCH_USER_PATHS = NO;
				CLANG_CXX_LANGUAGE_STANDARD = "gnu++0x";
				CLANG_CXX_LIBRARY = "libc++";
				CLANG_ENABLE_MODULES = YES;
				CLANG_ENABLE_OBJC_ARC = YES;
				CLANG_WARN_BOOL_CONVERSION = YES;
				CLANG_WARN_CONSTANT_CONVERSION = YES;
				CLANG_WARN_DIRECT_OBJC_ISA_USAGE = YES_ERROR;
				CLANG_WARN_EMPTY_BODY = YES;
				CLANG_WARN_ENUM_CONVERSION = YES;
				CLANG_WARN_INT_CONVERSION = YES;
				CLANG_WARN_OBJC_ROOT_CLASS = YES_ERROR;
				CLANG_WARN_UNREACHABLE_CODE = YES;
				CLANG_WARN__DUPLICATE_METHOD_MATCH = YES;
				"CODE_SIGN_IDENTITY[sdk=iphoneos*]" = "iPhone Developer";
				COPY_PHASE_STRIP = NO;
				DEBUG_INFORMATION_FORMAT = "dwarf-with-dsym";
				ENABLE_NS_ASSERTIONS = NO;
				ENABLE_STRICT_OBJC_MSGSEND = YES;
				GCC_C_LANGUAGE_STANDARD = gnu99;
				GCC_NO_COMMON_BLOCKS = YES;
				GCC_WARN_64_TO_32_BIT_CONVERSION = YES;
				GCC_WARN_ABOUT_RETURN_TYPE = YES_ERROR;
				GCC_WARN_UNDECLARED_SELECTOR = YES;
				GCC_WARN_UNINITIALIZED_AUTOS = YES_AGGRESSIVE;
				GCC_WARN_UNUSED_FUNCTION = YES;
				GCC_WARN_UNUSED_VARIABLE = YES;
				IPHONEOS_DEPLOYMENT_TARGET = 8.4;
				MTL_ENABLE_DEBUG_INFO = NO;
				SDKROOT = iphoneos;
				VALIDATE_PRODUCT = YES;
			};
			name = Release;
		};
		366DE0F91B85ADCE00B89D7C /* Debug */ = {
			isa = XCBuildConfiguration;
			baseConfigurationReference = 90CC402152D6703074F1C765 /* Pods-OutThereTesting.debug.xcconfig */;
			buildSettings = {
				ASSETCATALOG_COMPILER_APPICON_NAME = AppIcon;
				ASSETCATALOG_COMPILER_LAUNCHIMAGE_NAME = LaunchImage;
				CODE_SIGN_IDENTITY = "iPhone Developer";
				"CODE_SIGN_IDENTITY[sdk=iphoneos*]" = "iPhone Developer";
				INFOPLIST_FILE = OutThereTesting/Info.plist;
				IPHONEOS_DEPLOYMENT_TARGET = 8.1;
				LD_RUNPATH_SEARCH_PATHS = "$(inherited) @executable_path/Frameworks";
				PRODUCT_NAME = "iOut-There";
				PROVISIONING_PROFILE = "ee6bd594-304d-4c05-a671-a8a19900c288";
			};
			name = Debug;
		};
		366DE0FA1B85ADCE00B89D7C /* Release */ = {
			isa = XCBuildConfiguration;
			baseConfigurationReference = 23428D305B6AA57D8F17B8C9 /* Pods-OutThereTesting.release.xcconfig */;
			buildSettings = {
				ASSETCATALOG_COMPILER_APPICON_NAME = AppIcon;
				ASSETCATALOG_COMPILER_LAUNCHIMAGE_NAME = LaunchImage;
				CODE_SIGN_IDENTITY = "iPhone Developer";
				"CODE_SIGN_IDENTITY[sdk=iphoneos*]" = "iPhone Developer";
				INFOPLIST_FILE = OutThereTesting/Info.plist;
				IPHONEOS_DEPLOYMENT_TARGET = 8.1;
				LD_RUNPATH_SEARCH_PATHS = "$(inherited) @executable_path/Frameworks";
				PRODUCT_NAME = "iOut-There";
				PROVISIONING_PROFILE = "ee6bd594-304d-4c05-a671-a8a19900c288";
			};
			name = Release;
		};
		366DE0FC1B85ADCE00B89D7C /* Debug */ = {
			isa = XCBuildConfiguration;
			buildSettings = {
				BUNDLE_LOADER = "$(TEST_HOST)";
				FRAMEWORK_SEARCH_PATHS = (
					"$(SDKROOT)/Developer/Library/Frameworks",
					"$(inherited)",
				);
				GCC_PREPROCESSOR_DEFINITIONS = (
					"DEBUG=1",
					"$(inherited)",
				);
				INFOPLIST_FILE = OutThereTestingTests/Info.plist;
				LD_RUNPATH_SEARCH_PATHS = "$(inherited) @executable_path/Frameworks @loader_path/Frameworks";
				PRODUCT_NAME = "iOut-ThereTests";
				TEST_HOST = "$(BUILT_PRODUCTS_DIR)/iOut-There.app/iOut-There";
			};
			name = Debug;
		};
		366DE0FD1B85ADCE00B89D7C /* Release */ = {
			isa = XCBuildConfiguration;
			buildSettings = {
				BUNDLE_LOADER = "$(TEST_HOST)";
				FRAMEWORK_SEARCH_PATHS = (
					"$(SDKROOT)/Developer/Library/Frameworks",
					"$(inherited)",
				);
				INFOPLIST_FILE = OutThereTestingTests/Info.plist;
				LD_RUNPATH_SEARCH_PATHS = "$(inherited) @executable_path/Frameworks @loader_path/Frameworks";
				PRODUCT_NAME = "iOut-ThereTests";
				TEST_HOST = "$(BUILT_PRODUCTS_DIR)/iOut-There.app/iOut-There";
			};
			name = Release;
		};
/* End XCBuildConfiguration section */

/* Begin XCConfigurationList section */
		366DE0CD1B85ADCE00B89D7C /* Build configuration list for PBXProject "iOut-There" */ = {
			isa = XCConfigurationList;
			buildConfigurations = (
				366DE0F61B85ADCE00B89D7C /* Debug */,
				366DE0F71B85ADCE00B89D7C /* Release */,
			);
			defaultConfigurationIsVisible = 0;
			defaultConfigurationName = Release;
		};
		366DE0F81B85ADCE00B89D7C /* Build configuration list for PBXNativeTarget "iOut-There" */ = {
			isa = XCConfigurationList;
			buildConfigurations = (
				366DE0F91B85ADCE00B89D7C /* Debug */,
				366DE0FA1B85ADCE00B89D7C /* Release */,
			);
			defaultConfigurationIsVisible = 0;
			defaultConfigurationName = Release;
		};
		366DE0FB1B85ADCE00B89D7C /* Build configuration list for PBXNativeTarget "iOut-ThereTests" */ = {
			isa = XCConfigurationList;
			buildConfigurations = (
				366DE0FC1B85ADCE00B89D7C /* Debug */,
				366DE0FD1B85ADCE00B89D7C /* Release */,
			);
			defaultConfigurationIsVisible = 0;
			defaultConfigurationName = Release;
		};
/* End XCConfigurationList section */

/* Begin XCVersionGroup section */
		366DE0DC1B85ADCE00B89D7C /* OutThereTesting.xcdatamodeld */ = {
			isa = XCVersionGroup;
			children = (
				366DE0DD1B85ADCE00B89D7C /* OutThereTesting.xcdatamodel */,
			);
			currentVersion = 366DE0DD1B85ADCE00B89D7C /* OutThereTesting.xcdatamodel */;
			path = OutThereTesting.xcdatamodeld;
			sourceTree = "<group>";
			versionGroupType = wrapper.xcdatamodel;
		};
/* End XCVersionGroup section */
	};
	rootObject = 366DE0CA1B85ADCE00B89D7C /* Project object */;
}
